{
  "version": 4,
  "terraform_version": "0.12.26",
  "serial": 50,
  "lineage": "403cac6f-a2ee-7b22-ce94-65be63b4cdd7",
  "outputs": {},
  "resources": [
    {
      "mode": "managed",
      "type": "digitalocean_certificate",
      "name": "web",
      "provider": "provider.digitalocean",
      "instances": [
        {
          "schema_version": 1,
          "attributes": {
            "certificate_chain": null,
            "domains": [
              "terraform-web-testing.bitnob.com"
            ],
            "id": "web-cert",
            "leaf_certificate": null,
            "name": "web-cert",
            "not_after": "2021-03-19T22:41:38Z",
            "private_key": null,
            "sha1_fingerprint": "559ec466ea270eb1d7fe5a905c32fec677e2f028",
            "state": "verified",
            "type": "lets_encrypt",
            "uuid": "2531b962-c653-461b-a7ce-84f69821a5d3"
          },
          "private": "eyJzY2hlbWFfdmVyc2lvbiI6IjEifQ==",
          "dependencies": [
            "digitalocean_domain.domain"
          ]
        }
      ]
    },
    {
      "mode": "managed",
      "type": "digitalocean_domain",
      "name": "domain",
      "provider": "provider.digitalocean",
      "instances": [
        {
          "schema_version": 0,
          "attributes": {
            "id": "terraform-web-testing.bitnob.com",
            "ip_address": null,
            "name": "terraform-web-testing.bitnob.com",
            "urn": "do:domain:terraform-web-testing.bitnob.com"
          },
          "private": "bnVsbA==",
          "dependencies": [
            "digitalocean_droplet.web"
          ]
        }
      ]
    },
    {
      "mode": "managed",
      "type": "digitalocean_droplet",
      "name": "web",
      "each": "list",
      "provider": "provider.digitalocean",
      "instances": [
        {
          "index_key": 0,
          "schema_version": 1,
          "attributes": {
            "backups": false,
            "created_at": "2020-12-19T22:20:15Z",
            "disk": 25,
            "id": "222360669",
            "image": "ubuntu-18-04-x64",
            "ipv4_address": "161.35.0.218",
            "ipv4_address_private": "10.116.0.2",
            "ipv6": false,
            "ipv6_address": "",
            "locked": false,
            "memory": 1024,
            "monitoring": true,
            "name": "terraform-web-testing-0",
            "price_hourly": 0.00744,
            "price_monthly": 5,
            "private_networking": true,
            "region": "nyc1",
            "resize_disk": true,
            "size": "s-1vcpu-1gb",
            "ssh_keys": [
              "29237267"
            ],
            "status": "active",
            "tags": [],
            "urn": "do:droplet:222360669",
            "user_data": "930cfa83b310f84c73a770709226ec4e61437811",
            "vcpus": 1,
            "volume_ids": [],
            "vpc_uuid": "3f8fd433-3fcf-4bca-a7f8-6c0488d414de"
          },
          "private": "eyJzY2hlbWFfdmVyc2lvbiI6IjEifQ==",
          "dependencies": [
            "digitalocean_ssh_key.web"
          ]
        },
        {
          "index_key": 1,
          "schema_version": 1,
          "attributes": {
            "backups": false,
            "created_at": "2020-12-19T23:27:30Z",
            "disk": 25,
            "id": "222367398",
            "image": "ubuntu-18-04-x64",
            "ipv4_address": "167.172.136.88",
            "ipv4_address_private": "10.116.0.3",
            "ipv6": false,
            "ipv6_address": "",
            "locked": false,
            "memory": 1024,
            "monitoring": true,
            "name": "terraform-web-testing-1",
            "price_hourly": 0.00744,
            "price_monthly": 5,
            "private_networking": true,
            "region": "nyc1",
            "resize_disk": true,
            "size": "s-1vcpu-1gb",
            "ssh_keys": [
              "29237267"
            ],
            "status": "active",
            "tags": [],
            "urn": "do:droplet:222367398",
            "user_data": "930cfa83b310f84c73a770709226ec4e61437811",
            "vcpus": 1,
            "volume_ids": [],
            "vpc_uuid": "3f8fd433-3fcf-4bca-a7f8-6c0488d414de"
          },
          "private": "eyJzY2hlbWFfdmVyc2lvbiI6IjEifQ==",
          "dependencies": [
            "digitalocean_ssh_key.web"
          ]
        }
      ]
    },
    {
      "mode": "managed",
      "type": "digitalocean_firewall",
      "name": "web",
      "provider": "provider.digitalocean",
      "instances": [
        {
          "schema_version": 0,
          "attributes": {
            "created_at": "2020-12-20T00:42:07Z",
            "droplet_ids": [
              222360669,
              222367398
            ],
            "id": "512d4c59-98bf-4f73-948e-92b3f8db592d",
            "inbound_rule": [
              {
                "port_range": "22",
                "protocol": "tcp",
                "source_addresses": [
                  "0.0.0.0/0",
                  "::/0"
                ],
                "source_droplet_ids": [],
                "source_load_balancer_uids": [],
                "source_tags": []
              },
              {
                "port_range": "443",
                "protocol": "tcp",
                "source_addresses": [
                  "0.0.0.0/0",
                  "::/0"
                ],
                "source_droplet_ids": [],
                "source_load_balancer_uids": [],
                "source_tags": []
              },
              {
                "port_range": "8080",
                "protocol": "tcp",
                "source_addresses": [],
                "source_droplet_ids": [],
                "source_load_balancer_uids": [
                  "92a0b8ee-fbcb-42ab-9626-ea7416fa97aa"
                ],
                "source_tags": []
              },
              {
                "port_range": null,
                "protocol": "icmp",
                "source_addresses": [
                  "0.0.0.0/0",
                  "::/0"
                ],
                "source_droplet_ids": [],
                "source_load_balancer_uids": [],
                "source_tags": []
              }
            ],
            "name": "only-22-80-and-443",
            "outbound_rule": [
              {
                "destination_addresses": [
                  "0.0.0.0/0",
                  "::/0"
                ],
                "destination_droplet_ids": [],
                "destination_load_balancer_uids": [],
                "destination_tags": [],
                "port_range": "",
                "protocol": "icmp"
              },
              {
                "destination_addresses": [
                  "0.0.0.0/0",
                  "::/0"
                ],
                "destination_droplet_ids": [],
                "destination_load_balancer_uids": [],
                "destination_tags": [],
                "port_range": "53",
                "protocol": "tcp"
              },
              {
                "destination_addresses": [
                  "0.0.0.0/0",
                  "::/0"
                ],
                "destination_droplet_ids": [],
                "destination_load_balancer_uids": [],
                "destination_tags": [],
                "port_range": "53",
                "protocol": "udp"
              }
            ],
            "pending_changes": [],
            "status": "succeeded",
            "tags": []
          },
          "private": "bnVsbA==",
          "dependencies": [
            "digitalocean_droplet.web",
            "digitalocean_loadbalancer.web"
          ]
        }
      ]
    },
    {
      "mode": "managed",
      "type": "digitalocean_loadbalancer",
      "name": "web",
      "provider": "provider.digitalocean",
      "instances": [
        {
          "schema_version": 1,
          "attributes": {
            "algorithm": "round_robin",
            "droplet_ids": [
              222360669,
              222367398
            ],
            "droplet_tag": "",
            "enable_backend_keepalive": false,
            "enable_proxy_protocol": false,
            "forwarding_rule": [
              {
                "certificate_id": "",
                "certificate_name": "",
                "entry_port": 80,
                "entry_protocol": "http",
                "target_port": 8080,
                "target_protocol": "http",
                "tls_passthrough": false
              },
              {
                "certificate_id": "web-cert",
                "certificate_name": "web-cert",
                "entry_port": 443,
                "entry_protocol": "https",
                "target_port": 8080,
                "target_protocol": "http",
                "tls_passthrough": false
              }
            ],
            "healthcheck": [
              {
                "check_interval_seconds": 10,
                "healthy_threshold": 5,
                "path": "/",
                "port": 8080,
                "protocol": "http",
                "response_timeout_seconds": 5,
                "unhealthy_threshold": 3
              }
            ],
            "id": "92a0b8ee-fbcb-42ab-9626-ea7416fa97aa",
            "ip": "157.230.200.234",
            "name": "web-lb",
            "redirect_http_to_https": true,
            "region": "nyc1",
            "size": "lb-small",
            "status": "active",
            "sticky_sessions": [
              {
                "cookie_name": "",
                "cookie_ttl_seconds": 0,
                "type": "none"
              }
            ],
            "urn": "do:loadbalancer:92a0b8ee-fbcb-42ab-9626-ea7416fa97aa",
            "vpc_uuid": "3f8fd433-3fcf-4bca-a7f8-6c0488d414de"
          },
          "private": "eyJzY2hlbWFfdmVyc2lvbiI6IjEifQ==",
          "dependencies": [
            "digitalocean_certificate.web",
            "digitalocean_droplet.web"
          ]
        }
      ]
    },
    {
      "mode": "managed",
      "type": "digitalocean_record",
      "name": "main",
      "provider": "provider.digitalocean",
      "instances": [
        {
          "schema_version": 0,
          "attributes": {
            "domain": "terraform-web-testing.bitnob.com",
            "flags": 0,
            "fqdn": "@.terraform-web-testing.bitnob.com",
            "id": "126676939",
            "name": "@",
            "port": 0,
            "priority": 0,
            "tag": "",
            "ttl": 1800,
            "type": "A",
            "value": "157.230.200.234",
            "weight": 0
          },
          "private": "bnVsbA==",
          "dependencies": [
            "digitalocean_domain.domain",
            "digitalocean_droplet.web",
            "digitalocean_loadbalancer.web",
            "digitalocean_ssh_key.web"
          ]
        }
      ]
    },
    {
      "mode": "managed",
      "type": "digitalocean_ssh_key",
      "name": "web",
      "provider": "provider.digitalocean",
      "instances": [
        {
          "schema_version": 0,
          "attributes": {
            "fingerprint": "20:b9:ef:88:24:e0:24:47:f9:97:b4:5a:83:35:07:2a",
            "id": "29237267",
            "name": "Web App SSH Key",
            "public_key": "ssh-rsa AAAAB3NzaC1yc2EAAAADAQABAAABgQDJcC7ZlHhQRcozwDh4NseAT2Fipau5s045CHFkpOpeIrqyFfyOuXdR+aLK0TrbmjuV9nCQrxxs9WVFprhRCcApdMK8RBbBFmsS+ecBaxY0bVX20kBOtU/Pb1485HBti+9WYOpQd6zVcrNZE2VhAaceXphpyQw5Wv2S1YLHGq1iKGjkZMSfFi89onOjY/IVw71RsDWRgZiBcDlnkuahZK+nCHA+Ggbgx+nfxl/UUPuUqBSFqaz2Wh4yAn80drwdM1Zwyc7kteFExgjNhO9LjY0oOndsPgia3EQnaIzDmhyJ9hPFvumspaGzHwcvR5MS6V3Lh4QUllEA+1vDd5Da5GyPr5cbqbM/+HmWCdCHogJBoUMgFL1ECvsxSCOXW+MN4cHInBbmnZUV6qpev39ovpfV1kNUFEf0Yxlt0llU6sBiD+TxnPVahgmBsE3AueVnWYTLvest7W7wCGaQuq9Tqmjp3kBPh1AjCuJpHb/IDkvBVSz9BM/0bnylHTjsBArES/M= eddyamewu@eddyamewu-pc"
          },
          "private": "bnVsbA=="
        }
      ]
    }
  ]
}
